{
  "lockfileVersion": 1,
  "configVersion": 1,
  "workspaces": {
    "": {
      "name": "generated-monorepo",
      "devDependencies": {
        "@generated/eslint-config": "workspace:*",
        "turbo": "^2.8.14",
      },
    },
    "packages/eslint-config": {
      "name": "@generated/eslint-config",
      "version": "0.0.0",
    },
    "packages/typescript-config": {
      "name": "@generated/typescript-config",
      "version": "0.0.0",
    },
  },
  "packages": {
    "@generated/eslint-config": ["@generated/eslint-config@workspace:packages/eslint-config"],

    "@generated/typescript-config": ["@generated/typescript-config@workspace:packages/typescript-config"],

    "turbo": ["turbo@2.8.16", "", { "optionalDependencies": { "turbo-darwin-64": "2.8.16", "turbo-darwin-arm64": "2.8.16", "turbo-linux-64": "2.8.16", "turbo-linux-arm64": "2.8.16", "turbo-windows-64": "2.8.16", "turbo-windows-arm64": "2.8.16" }, "bin": { "turbo": "bin/turbo" } }, "sha512-u6e9e3cTTpE2adQ1DYm3A3r8y3LAONEx1jYvJx6eIgSY4bMLxIxs0riWzI0Z/IK903ikiUzRPZ2c1Ph5lVLkhA=="],

    "turbo-darwin-64": ["turbo-darwin-64@2.8.16", "", { "os": "darwin", "cpu": "x64" }, "sha512-KWa4hUMWrpADC6Q/wIHRkBLw6X6MV9nx6X7hSXbTrrMz0KdaKhmfudUZ3sS76bJFmgArBU25cSc0AUyyrswYxg=="],

    "turbo-darwin-arm64": ["turbo-darwin-arm64@2.8.16", "", { "os": "darwin", "cpu": "arm64" }, "sha512-NBgaqBDLQSZlJR4D5XCkQq6noaO0RvIgwm5eYFJYL3bH5dNu8o0UBpq7C5DYnQI8+ybyoHFjT5/icN4LeUYLow=="],

    "turbo-linux-64": ["turbo-linux-64@2.8.16", "", { "os": "linux", "cpu": "x64" }, "sha512-VYPdcCRevI9kR/hr1H1xwXy7QQt/jNKiim1e1mjANBXD2E9VZWMkIL74J1Huad5MbU3/jw7voHOqDPLJPC2p6w=="],

    "turbo-linux-arm64": ["turbo-linux-arm64@2.8.16", "", { "os": "linux", "cpu": "arm64" }, "sha512-beq8tgUVI3uwkQkXJMiOr/hfxQRw54M3elpBwqgYFfemiK5LhCjjcwO0DkE8GZZfElBIlk+saMAQOZy3885wNQ=="],

    "turbo-windows-64": ["turbo-windows-64@2.8.16", "", { "os": "win32", "cpu": "x64" }, "sha512-Ig7b46iUgiOIkea/D3Z7H+zNzvzSnIJcLYFpZLA0RxbUTrbLhv9qIPwv3pT9p/abmu0LXVKHxaOo+p26SuDhzw=="],

    "turbo-windows-arm64": ["turbo-windows-arm64@2.8.16", "", { "os": "win32", "cpu": "arm64" }, "sha512-fOWjbEA2PiE2HEnFQrwNZKYEdjewyPc2no9GmrXklZnTCuMsxeCN39aVlKpKpim03Zq/ykIuvApGwq8ZbfS2Yw=="],
  }
}
